<?xml version="1.0" encoding="utf-8"?>
<Project ToolsVersion="4.0" xmlns="http://schemas.microsoft.com/developer/msbuild/2003">
  <ItemGroup>
    <ClCompile Include="main.cpp" />
    <ClCompile Include="Ui.cpp" />
    <ClCompile Include="DiscordHeartbeatTask.cpp">
      <Filter>services\discord</Filter>
    </ClCompile>
    <ClCompile Include="ServiceDiscord.cpp">
      <Filter>services\discord</Filter>
    </ClCompile>
    <ClCompile Include="ServiceMeta.cpp">
      <Filter>services\meta</Filter>
    </ClCompile>
    <ClCompile Include="Channel.cpp">
      <Filter>services</Filter>
    </ClCompile>
    <ClCompile Include="Guild.cpp">
      <Filter>services</Filter>
    </ClCompile>
    <ClCompile Include="Service.cpp">
      <Filter>services</Filter>
    </ClCompile>
    <ClCompile Include="HttpRequestWrapperTask.cpp" />
    <ClCompile Include="ServiceGuilded.cpp">
      <Filter>services\guilded</Filter>
    </ClCompile>
  </ItemGroup>
  <ItemGroup>
    <ClInclude Include="time.hpp" />
    <ClInclude Include="Ui.hpp" />
    <ClInclude Include="common.hpp" />
    <ClInclude Include="fwd.hpp" />
    <ClInclude Include="DiscordHeartbeatTask.hpp">
      <Filter>services\discord</Filter>
    </ClInclude>
    <ClInclude Include="ServiceDiscord.hpp">
      <Filter>services\discord</Filter>
    </ClInclude>
    <ClInclude Include="ServiceMeta.hpp">
      <Filter>services\meta</Filter>
    </ClInclude>
    <ClInclude Include="Channel.hpp">
      <Filter>services</Filter>
    </ClInclude>
    <ClInclude Include="Guild.hpp">
      <Filter>services</Filter>
    </ClInclude>
    <ClInclude Include="Message.hpp">
      <Filter>services</Filter>
    </ClInclude>
    <ClInclude Include="Service.hpp">
      <Filter>services</Filter>
    </ClInclude>
    <ClInclude Include="DiscordGuild.hpp">
      <Filter>services\discord</Filter>
    </ClInclude>
    <ClInclude Include="DiscordChannel.hpp">
      <Filter>services\discord</Filter>
    </ClInclude>
    <ClInclude Include="HttpRequestWrapperTask.hpp" />
    <ClInclude Include="ServiceGuilded.hpp">
      <Filter>services\guilded</Filter>
    </ClInclude>
  </ItemGroup>
  <ItemGroup>
    <Filter Include="services">
      <UniqueIdentifier>{c55224c8-c482-4f59-8f91-46dbf172da02}</UniqueIdentifier>
    </Filter>
    <Filter Include="services\meta">
      <UniqueIdentifier>{981b1d9b-1b42-4ae9-adc0-5714fbb759d2}</UniqueIdentifier>
    </Filter>
    <Filter Include="services\discord">
      <UniqueIdentifier>{c09514f2-cd0d-4aed-aa8c-f1b15ef59610}</UniqueIdentifier>
    </Filter>
    <Filter Include="services\guilded">
      <UniqueIdentifier>{f4413976-d872-418a-9a01-7dad8812dd74}</UniqueIdentifier>
    </Filter>
  </ItemGroup>
</Project>